
Microsoft Visual Studio Solution File, Format Version 12.00
# Visual Studio 14
VisualStudioVersion = 14.0.25420.1
MinimumVisualStudioVersion = 10.0.40219.1
Project("{FAE04EC0-301F-11D3-BF4B-00C04F79EFBC}") = "ProjectInfoAPI", "ProjectInfoAPI\ProjectInfoAPI.csproj", "{AB27696E-E7DF-4373-9A54-34EE98AD1B9B}"
EndProject
Project("{FAE04EC0-301F-11D3-BF4B-00C04F79EFBC}") = "ProjectInfoAPI.Tests", "ProjectInfoAPI.Tests\ProjectInfoAPI.Tests.csproj", "{63506BB1-A952-418E-B500-2C1C6B9228C5}"
EndProject
Global
	GlobalSection(SolutionConfigurationPlatforms) = preSolution
		Debug|Any CPU = Debug|Any CPU
		Release|Any CPU = Release|Any CPU
	EndGlobalSection
	GlobalSection(ProjectConfigurationPlatforms) = postSolution
		{AB27696E-E7DF-4373-9A54-34EE98AD1B9B}.Debug|Any CPU.ActiveCfg = Debug|Any CPU
		{AB27696E-E7DF-4373-9A54-34EE98AD1B9B}.Debug|Any CPU.Build.0 = Debug|Any CPU
		{AB27696E-E7DF-4373-9A54-34EE98AD1B9B}.Release|Any CPU.ActiveCfg = Release|Any CPU
		{AB27696E-E7DF-4373-9A54-34EE98AD1B9B}.Release|Any CPU.Build.0 = Release|Any CPU
		{63506BB1-A952-418E-B500-2C1C6B9228C5}.Debug|Any CPU.ActiveCfg = Debug|Any CPU
		{63506BB1-A952-418E-B500-2C1C6B9228C5}.Debug|Any CPU.Build.0 = Debug|Any CPU
		{63506BB1-A952-418E-B500-2C1C6B9228C5}.Release|Any CPU.ActiveCfg = Release|Any CPU
		{63506BB1-A952-418E-B500-2C1C6B9228C5}.Release|Any CPU.Build.0 = Release|Any CPU
	EndGlobalSection
	GlobalSection(SolutionProperties) = preSolution
		HideSolutionNode = FALSE
	EndGlobalSection
EndGlobal
